--> npm install
[1G[0K⠙[1G[0K⠹[1G[0K⠸[1G[0K⠼[1G[0K⠴[1G[0K⠦[1G[0K⠧[1G[0K
up to date, audited 27 packages in 877ms
[1G[0K⠧[1G[0K
[1G[0K⠧[1G[0K7 packages are looking for funding
[1G[0K⠧[1G[0K  run `npm fund` for details
[1G[0K⠧[1G[0K
4 [33m[1mmoderate[22m[39m severity vulnerabilities

To address all issues (including breaking changes), run:
  npm audit fix --force

Run `npm audit` for details.
[1G[0K⠧[1G[0K